
Microsoft Visual Studio Solution File, Format Version 12.00
# Visual Studio Version 17
VisualStudioVersion = 17.8.34330.188
MinimumVisualStudioVersion = 10.0.40219.1
Project("{FAE04EC0-301F-11D3-BF4B-00C04F79EFBC}") = "CQIE.OnlineVote.Manager", "CQIE.OnlineVote.Manager.csproj", "{C6F4BDEC-F354-45C5-9AA7-A9FC8F84F33A}"
EndProject
Project("{FAE04EC0-301F-11D3-BF4B-00C04F79EFBC}") = "CQIE.OnlineVote.DBManager", "..\CQIE.OnlineVote.DBManager\CQIE.OnlineVote.DBManager.csproj", "{3F714CF3-6AC7-4B96-827D-C31266C7C195}"
EndProject
Project("{FAE04EC0-301F-11D3-BF4B-00C04F79EFBC}") = "CQIE.OnlineVote.Models", "..\CQIE.OnlineVote.Models\CQIE.OnlineVote.Models.csproj", "{BE4AF1FD-BC63-47AA-81A4-5A08FB898838}"
EndProject
Project("{FAE04EC0-301F-11D3-BF4B-00C04F79EFBC}") = "CQIE.OnlineVote.Services", "..\CQIE.OnlineVote.Services\CQIE.OnlineVote.Services.csproj", "{2BF8D7EA-9BF5-47B3-8625-115D9A49088E}"
EndProject
Project("{FAE04EC0-301F-11D3-BF4B-00C04F79EFBC}") = "CQIE.OnlineVote.Utility", "..\CQIE.OnlineVote.Utility\CQIE.OnlineVote.Utility.csproj", "{8EF571E0-D396-4178-B31B-EE5FBFFC03D2}"
EndProject
Global
	GlobalSection(SolutionConfigurationPlatforms) = preSolution
		Debug|Any CPU = Debug|Any CPU
		Release|Any CPU = Release|Any CPU
	EndGlobalSection
	GlobalSection(ProjectConfigurationPlatforms) = postSolution
		{C6F4BDEC-F354-45C5-9AA7-A9FC8F84F33A}.Debug|Any CPU.ActiveCfg = Debug|Any CPU
		{C6F4BDEC-F354-45C5-9AA7-A9FC8F84F33A}.Debug|Any CPU.Build.0 = Debug|Any CPU
		{C6F4BDEC-F354-45C5-9AA7-A9FC8F84F33A}.Release|Any CPU.ActiveCfg = Release|Any CPU
		{C6F4BDEC-F354-45C5-9AA7-A9FC8F84F33A}.Release|Any CPU.Build.0 = Release|Any CPU
		{3F714CF3-6AC7-4B96-827D-C31266C7C195}.Debug|Any CPU.ActiveCfg = Debug|Any CPU
		{3F714CF3-6AC7-4B96-827D-C31266C7C195}.Debug|Any CPU.Build.0 = Debug|Any CPU
		{3F714CF3-6AC7-4B96-827D-C31266C7C195}.Release|Any CPU.ActiveCfg = Release|Any CPU
		{3F714CF3-6AC7-4B96-827D-C31266C7C195}.Release|Any CPU.Build.0 = Release|Any CPU
		{BE4AF1FD-BC63-47AA-81A4-5A08FB898838}.Debug|Any CPU.ActiveCfg = Debug|Any CPU
		{BE4AF1FD-BC63-47AA-81A4-5A08FB898838}.Debug|Any CPU.Build.0 = Debug|Any CPU
		{BE4AF1FD-BC63-47AA-81A4-5A08FB898838}.Release|Any CPU.ActiveCfg = Release|Any CPU
		{BE4AF1FD-BC63-47AA-81A4-5A08FB898838}.Release|Any CPU.Build.0 = Release|Any CPU
		{2BF8D7EA-9BF5-47B3-8625-115D9A49088E}.Debug|Any CPU.ActiveCfg = Debug|Any CPU
		{2BF8D7EA-9BF5-47B3-8625-115D9A49088E}.Debug|Any CPU.Build.0 = Debug|Any CPU
		{2BF8D7EA-9BF5-47B3-8625-115D9A49088E}.Release|Any CPU.ActiveCfg = Release|Any CPU
		{2BF8D7EA-9BF5-47B3-8625-115D9A49088E}.Release|Any CPU.Build.0 = Release|Any CPU
		{8EF571E0-D396-4178-B31B-EE5FBFFC03D2}.Debug|Any CPU.ActiveCfg = Debug|Any CPU
		{8EF571E0-D396-4178-B31B-EE5FBFFC03D2}.Debug|Any CPU.Build.0 = Debug|Any CPU
		{8EF571E0-D396-4178-B31B-EE5FBFFC03D2}.Release|Any CPU.ActiveCfg = Release|Any CPU
		{8EF571E0-D396-4178-B31B-EE5FBFFC03D2}.Release|Any CPU.Build.0 = Release|Any CPU
	EndGlobalSection
	GlobalSection(SolutionProperties) = preSolution
		HideSolutionNode = FALSE
	EndGlobalSection
	GlobalSection(ExtensibilityGlobals) = postSolution
		SolutionGuid = {A6030E44-1A9B-4F1E-928A-E49315DBC0DD}
	EndGlobalSection
EndGlobal
